
Microsoft Visual Studio Solution File, Format Version 12.00
# Visual Studio Version 17
VisualStudioVersion = 17.0.31903.59
MinimumVisualStudioVersion = 10.0.40219.1
Project("{FAE04EC0-301F-11D3-BF4B-00C04F79EFBC}") = "PruebaAPISithec", "PruebaAPISithec.csproj", "{5C774865-A59E-462C-A20A-4888F13D654E}"
EndProject
Global
	GlobalSection(SolutionConfigurationPlatforms) = preSolution
		Debug|Any CPU = Debug|Any CPU
		Release|Any CPU = Release|Any CPU
	EndGlobalSection
	GlobalSection(ProjectConfigurationPlatforms) = postSolution
		{5C774865-A59E-462C-A20A-4888F13D654E}.Debug|Any CPU.ActiveCfg = Debug|Any CPU
		{5C774865-A59E-462C-A20A-4888F13D654E}.Debug|Any CPU.Build.0 = Debug|Any CPU
		{5C774865-A59E-462C-A20A-4888F13D654E}.Release|Any CPU.ActiveCfg = Release|Any CPU
		{5C774865-A59E-462C-A20A-4888F13D654E}.Release|Any CPU.Build.0 = Release|Any CPU
	EndGlobalSection
	GlobalSection(SolutionProperties) = preSolution
		HideSolutionNode = FALSE
	EndGlobalSection
	GlobalSection(ExtensibilityGlobals) = postSolution
		SolutionGuid = {0ABC783B-C458-4F78-9B4E-C43E0CFD60BF}
	EndGlobalSection
EndGlobal
